
Microsoft Visual Studio Solution File, Format Version 12.00
# Visual Studio Version 17
VisualStudioVersion = 17.3.32708.82
MinimumVisualStudioVersion = 10.0.40219.1
Project("{8BC9CEB8-8B4A-11D0-8D11-00A0C91BC942}") = "ZbarTest", "ZbarTest.vcxproj", "{085B107F-BFC1-4ED6-B090-4783A770D240}"
EndProject
Global
	GlobalSection(SolutionConfigurationPlatforms) = preSolution
		Debug|x64 = Debug|x64
		Debug|x86 = Debug|x86
		Release|x64 = Release|x64
		Release|x86 = Release|x86
	EndGlobalSection
	GlobalSection(ProjectConfigurationPlatforms) = postSolution
		{085B107F-BFC1-4ED6-B090-4783A770D240}.Debug|x64.ActiveCfg = Debug|x64
		{085B107F-BFC1-4ED6-B090-4783A770D240}.Debug|x64.Build.0 = Debug|x64
		{085B107F-BFC1-4ED6-B090-4783A770D240}.Debug|x86.ActiveCfg = Debug|Win32
		{085B107F-BFC1-4ED6-B090-4783A770D240}.Debug|x86.Build.0 = Debug|Win32
		{085B107F-BFC1-4ED6-B090-4783A770D240}.Release|x64.ActiveCfg = Release|x64
		{085B107F-BFC1-4ED6-B090-4783A770D240}.Release|x64.Build.0 = Release|x64
		{085B107F-BFC1-4ED6-B090-4783A770D240}.Release|x86.ActiveCfg = Release|Win32
		{085B107F-BFC1-4ED6-B090-4783A770D240}.Release|x86.Build.0 = Release|Win32
	EndGlobalSection
	GlobalSection(SolutionProperties) = preSolution
		HideSolutionNode = FALSE
	EndGlobalSection
	GlobalSection(ExtensibilityGlobals) = postSolution
		SolutionGuid = {D1E3C590-22F8-4B6C-B92F-49BCA18F421B}
	EndGlobalSection
EndGlobal
